
Microsoft Visual Studio Solution File, Format Version 12.00
# Visual Studio Version 17
VisualStudioVersion = 17.2.32505.173
MinimumVisualStudioVersion = 10.0.40219.1
Project("{9A19103F-16F7-4668-BE54-9A1E7A4F7556}") = "01. Dishwasher", "01. Dishwasher\01. Dishwasher.csproj", "{20AFF759-CEE0-4F6C-A8F3-CF8024AFB4E1}"
EndProject
Project("{9A19103F-16F7-4668-BE54-9A1E7A4F7556}") = "02. Report System", "02. Report System\02. Report System.csproj", "{EB3CE785-4A6E-45AD-B98E-E2F03CC66C3F}"
EndProject
Project("{FAE04EC0-301F-11D3-BF4B-00C04F79EFBC}") = "03. Stream Of Letters", "03. Stream Of Letters\03. Stream Of Letters.csproj", "{46B64706-3DEC-4FAA-AC18-FB40F8DEB1A2}"
EndProject
Project("{FAE04EC0-301F-11D3-BF4B-00C04F79EFBC}") = "04. Numbers Divided by 3 Without Reminder", "04. Numbers Divided by 3 Without Reminder\04. Numbers Divided by 3 Without Reminder.csproj", "{71F99198-0EA0-4FF3-94D4-96E2B1239266}"
EndProject
Project("{FAE04EC0-301F-11D3-BF4B-00C04F79EFBC}") = "05. Average Number", "05. Average Number\05. Average Number.csproj", "{DCA75A04-7BAA-4659-856E-55075C24494C}"
EndProject
Global
	GlobalSection(SolutionConfigurationPlatforms) = preSolution
		Debug|Any CPU = Debug|Any CPU
		Release|Any CPU = Release|Any CPU
	EndGlobalSection
	GlobalSection(ProjectConfigurationPlatforms) = postSolution
		{20AFF759-CEE0-4F6C-A8F3-CF8024AFB4E1}.Debug|Any CPU.ActiveCfg = Debug|Any CPU
		{20AFF759-CEE0-4F6C-A8F3-CF8024AFB4E1}.Debug|Any CPU.Build.0 = Debug|Any CPU
		{20AFF759-CEE0-4F6C-A8F3-CF8024AFB4E1}.Release|Any CPU.ActiveCfg = Release|Any CPU
		{20AFF759-CEE0-4F6C-A8F3-CF8024AFB4E1}.Release|Any CPU.Build.0 = Release|Any CPU
		{EB3CE785-4A6E-45AD-B98E-E2F03CC66C3F}.Debug|Any CPU.ActiveCfg = Debug|Any CPU
		{EB3CE785-4A6E-45AD-B98E-E2F03CC66C3F}.Debug|Any CPU.Build.0 = Debug|Any CPU
		{EB3CE785-4A6E-45AD-B98E-E2F03CC66C3F}.Release|Any CPU.ActiveCfg = Release|Any CPU
		{EB3CE785-4A6E-45AD-B98E-E2F03CC66C3F}.Release|Any CPU.Build.0 = Release|Any CPU
		{46B64706-3DEC-4FAA-AC18-FB40F8DEB1A2}.Debug|Any CPU.ActiveCfg = Debug|Any CPU
		{46B64706-3DEC-4FAA-AC18-FB40F8DEB1A2}.Debug|Any CPU.Build.0 = Debug|Any CPU
		{46B64706-3DEC-4FAA-AC18-FB40F8DEB1A2}.Release|Any CPU.ActiveCfg = Release|Any CPU
		{46B64706-3DEC-4FAA-AC18-FB40F8DEB1A2}.Release|Any CPU.Build.0 = Release|Any CPU
		{71F99198-0EA0-4FF3-94D4-96E2B1239266}.Debug|Any CPU.ActiveCfg = Debug|Any CPU
		{71F99198-0EA0-4FF3-94D4-96E2B1239266}.Debug|Any CPU.Build.0 = Debug|Any CPU
		{71F99198-0EA0-4FF3-94D4-96E2B1239266}.Release|Any CPU.ActiveCfg = Release|Any CPU
		{71F99198-0EA0-4FF3-94D4-96E2B1239266}.Release|Any CPU.Build.0 = Release|Any CPU
		{DCA75A04-7BAA-4659-856E-55075C24494C}.Debug|Any CPU.ActiveCfg = Debug|Any CPU
		{DCA75A04-7BAA-4659-856E-55075C24494C}.Debug|Any CPU.Build.0 = Debug|Any CPU
		{DCA75A04-7BAA-4659-856E-55075C24494C}.Release|Any CPU.ActiveCfg = Release|Any CPU
		{DCA75A04-7BAA-4659-856E-55075C24494C}.Release|Any CPU.Build.0 = Release|Any CPU
	EndGlobalSection
	GlobalSection(SolutionProperties) = preSolution
		HideSolutionNode = FALSE
	EndGlobalSection
	GlobalSection(ExtensibilityGlobals) = postSolution
		SolutionGuid = {4D2DEF32-F614-4EF3-8EC2-E159E569FEC2}
	EndGlobalSection
EndGlobal
