
Microsoft Visual Studio Solution File, Format Version 12.00
# Visual Studio Version 17
VisualStudioVersion = 17.2.32505.173
MinimumVisualStudioVersion = 10.0.40219.1
Project("{FAE04EC0-301F-11D3-BF4B-00C04F79EFBC}") = "01. Excellent Result", "01. Excellent Result\01. Excellent Result.csproj", "{6BD1F66F-EF0D-40AB-979E-072BA6C6448B}"
EndProject
Project("{FAE04EC0-301F-11D3-BF4B-00C04F79EFBC}") = "02. Greater Number", "02. Greater Number\02. Greater Number.csproj", "{9C1ED89C-F6A7-4C72-8EDA-1885D5A63E7B}"
EndProject
Project("{FAE04EC0-301F-11D3-BF4B-00C04F79EFBC}") = "03. Even or Odd", "03. Even or Odd\03. Even or Odd.csproj", "{BF9E9657-3D88-4690-BC0D-EDE84E4412A1}"
EndProject
Project("{FAE04EC0-301F-11D3-BF4B-00C04F79EFBC}") = "04. Password Guess", "04. Password Guess\04. Password Guess.csproj", "{AA2466A8-9A55-46DF-BC76-75209E975DE0}"
EndProject
Project("{FAE04EC0-301F-11D3-BF4B-00C04F79EFBC}") = "05. Number 100to200", "05. Number 100to200\05. Number 100to200.csproj", "{BB364625-77C5-4F4D-8DC9-6247995DA3AC}"
EndProject
Project("{FAE04EC0-301F-11D3-BF4B-00C04F79EFBC}") = "06. Speed Info", "06. Speed Info\06. Speed Info.csproj", "{0530A2E9-F25B-4572-990A-C13BF61B63C3}"
EndProject
Project("{FAE04EC0-301F-11D3-BF4B-00C04F79EFBC}") = "07. Area of Figures", "07. Area of Figures\07. Area of Figures.csproj", "{0414298E-6DEE-4B3E-A8BC-3A51C0E9CE3C}"
EndProject
Global
	GlobalSection(SolutionConfigurationPlatforms) = preSolution
		Debug|Any CPU = Debug|Any CPU
		Release|Any CPU = Release|Any CPU
	EndGlobalSection
	GlobalSection(ProjectConfigurationPlatforms) = postSolution
		{6BD1F66F-EF0D-40AB-979E-072BA6C6448B}.Debug|Any CPU.ActiveCfg = Debug|Any CPU
		{6BD1F66F-EF0D-40AB-979E-072BA6C6448B}.Debug|Any CPU.Build.0 = Debug|Any CPU
		{6BD1F66F-EF0D-40AB-979E-072BA6C6448B}.Release|Any CPU.ActiveCfg = Release|Any CPU
		{6BD1F66F-EF0D-40AB-979E-072BA6C6448B}.Release|Any CPU.Build.0 = Release|Any CPU
		{9C1ED89C-F6A7-4C72-8EDA-1885D5A63E7B}.Debug|Any CPU.ActiveCfg = Debug|Any CPU
		{9C1ED89C-F6A7-4C72-8EDA-1885D5A63E7B}.Debug|Any CPU.Build.0 = Debug|Any CPU
		{9C1ED89C-F6A7-4C72-8EDA-1885D5A63E7B}.Release|Any CPU.ActiveCfg = Release|Any CPU
		{9C1ED89C-F6A7-4C72-8EDA-1885D5A63E7B}.Release|Any CPU.Build.0 = Release|Any CPU
		{BF9E9657-3D88-4690-BC0D-EDE84E4412A1}.Debug|Any CPU.ActiveCfg = Debug|Any CPU
		{BF9E9657-3D88-4690-BC0D-EDE84E4412A1}.Debug|Any CPU.Build.0 = Debug|Any CPU
		{BF9E9657-3D88-4690-BC0D-EDE84E4412A1}.Release|Any CPU.ActiveCfg = Release|Any CPU
		{BF9E9657-3D88-4690-BC0D-EDE84E4412A1}.Release|Any CPU.Build.0 = Release|Any CPU
		{AA2466A8-9A55-46DF-BC76-75209E975DE0}.Debug|Any CPU.ActiveCfg = Debug|Any CPU
		{AA2466A8-9A55-46DF-BC76-75209E975DE0}.Debug|Any CPU.Build.0 = Debug|Any CPU
		{AA2466A8-9A55-46DF-BC76-75209E975DE0}.Release|Any CPU.ActiveCfg = Release|Any CPU
		{AA2466A8-9A55-46DF-BC76-75209E975DE0}.Release|Any CPU.Build.0 = Release|Any CPU
		{BB364625-77C5-4F4D-8DC9-6247995DA3AC}.Debug|Any CPU.ActiveCfg = Debug|Any CPU
		{BB364625-77C5-4F4D-8DC9-6247995DA3AC}.Debug|Any CPU.Build.0 = Debug|Any CPU
		{BB364625-77C5-4F4D-8DC9-6247995DA3AC}.Release|Any CPU.ActiveCfg = Release|Any CPU
		{BB364625-77C5-4F4D-8DC9-6247995DA3AC}.Release|Any CPU.Build.0 = Release|Any CPU
		{0530A2E9-F25B-4572-990A-C13BF61B63C3}.Debug|Any CPU.ActiveCfg = Debug|Any CPU
		{0530A2E9-F25B-4572-990A-C13BF61B63C3}.Debug|Any CPU.Build.0 = Debug|Any CPU
		{0530A2E9-F25B-4572-990A-C13BF61B63C3}.Release|Any CPU.ActiveCfg = Release|Any CPU
		{0530A2E9-F25B-4572-990A-C13BF61B63C3}.Release|Any CPU.Build.0 = Release|Any CPU
		{0414298E-6DEE-4B3E-A8BC-3A51C0E9CE3C}.Debug|Any CPU.ActiveCfg = Debug|Any CPU
		{0414298E-6DEE-4B3E-A8BC-3A51C0E9CE3C}.Debug|Any CPU.Build.0 = Debug|Any CPU
		{0414298E-6DEE-4B3E-A8BC-3A51C0E9CE3C}.Release|Any CPU.ActiveCfg = Release|Any CPU
		{0414298E-6DEE-4B3E-A8BC-3A51C0E9CE3C}.Release|Any CPU.Build.0 = Release|Any CPU
	EndGlobalSection
	GlobalSection(SolutionProperties) = preSolution
		HideSolutionNode = FALSE
	EndGlobalSection
	GlobalSection(ExtensibilityGlobals) = postSolution
		SolutionGuid = {3E044DB1-14FA-49D3-9B56-612875B23D3E}
	EndGlobalSection
EndGlobal
