
Microsoft Visual Studio Solution File, Format Version 12.00
# Visual Studio Version 17
VisualStudioVersion = 17.2.32505.173
MinimumVisualStudioVersion = 10.0.40219.1
Project("{FAE04EC0-301F-11D3-BF4B-00C04F79EFBC}") = "02. Common Elements", "02. Common Elements\02. Common Elements.csproj", "{DA374168-F970-4711-BEB4-7E7583220FDE}"
EndProject
Project("{FAE04EC0-301F-11D3-BF4B-00C04F79EFBC}") = "03. Zig-Zag Arrays", "03. Zig-Zag Arrays\03. Zig-Zag Arrays.csproj", "{AD5E1A3B-13A0-465E-9448-03BFACA1699A}"
EndProject
Project("{FAE04EC0-301F-11D3-BF4B-00C04F79EFBC}") = "04. Array Rotation", "04. Array Rotation\04. Array Rotation.csproj", "{037695AC-CB08-4E79-B5E8-6735B655F026}"
EndProject
Project("{FAE04EC0-301F-11D3-BF4B-00C04F79EFBC}") = "05. Top Integers", "05. Top Integers\05. Top Integers.csproj", "{72D8EB69-F24A-43BF-969B-690901C6B917}"
EndProject
Project("{FAE04EC0-301F-11D3-BF4B-00C04F79EFBC}") = "06. Equal Sum", "06. Equal Sum\06. Equal Sum.csproj", "{36BB7F20-B506-4584-BEBC-07563D33DC0C}"
EndProject
Project("{FAE04EC0-301F-11D3-BF4B-00C04F79EFBC}") = "01. Train", "01. Train\01. Train.csproj", "{82F92AF5-9484-4378-8948-90E4F68B74EF}"
EndProject
Project("{FAE04EC0-301F-11D3-BF4B-00C04F79EFBC}") = "07. Max Sequence of Equal Elements", "07. Max Sequence of Equal Elements\07. Max Sequence of Equal Elements.csproj", "{1EECDE36-326A-4914-9726-FDC82163E206}"
EndProject
Project("{FAE04EC0-301F-11D3-BF4B-00C04F79EFBC}") = "08. Magic Sum", "08. Magic Sum\08. Magic Sum.csproj", "{813DB1A7-259D-43B9-9E74-A44DF85D4FAA}"
EndProject
Project("{FAE04EC0-301F-11D3-BF4B-00C04F79EFBC}") = "09. Kamino Factory", "09. Kamino Factory\09. Kamino Factory.csproj", "{8D776813-AF1F-4EC0-B8CA-85CD1B6C0CD2}"
EndProject
Global
	GlobalSection(SolutionConfigurationPlatforms) = preSolution
		Debug|Any CPU = Debug|Any CPU
		Release|Any CPU = Release|Any CPU
	EndGlobalSection
	GlobalSection(ProjectConfigurationPlatforms) = postSolution
		{DA374168-F970-4711-BEB4-7E7583220FDE}.Debug|Any CPU.ActiveCfg = Debug|Any CPU
		{DA374168-F970-4711-BEB4-7E7583220FDE}.Debug|Any CPU.Build.0 = Debug|Any CPU
		{DA374168-F970-4711-BEB4-7E7583220FDE}.Release|Any CPU.ActiveCfg = Release|Any CPU
		{DA374168-F970-4711-BEB4-7E7583220FDE}.Release|Any CPU.Build.0 = Release|Any CPU
		{AD5E1A3B-13A0-465E-9448-03BFACA1699A}.Debug|Any CPU.ActiveCfg = Debug|Any CPU
		{AD5E1A3B-13A0-465E-9448-03BFACA1699A}.Debug|Any CPU.Build.0 = Debug|Any CPU
		{AD5E1A3B-13A0-465E-9448-03BFACA1699A}.Release|Any CPU.ActiveCfg = Release|Any CPU
		{AD5E1A3B-13A0-465E-9448-03BFACA1699A}.Release|Any CPU.Build.0 = Release|Any CPU
		{037695AC-CB08-4E79-B5E8-6735B655F026}.Debug|Any CPU.ActiveCfg = Debug|Any CPU
		{037695AC-CB08-4E79-B5E8-6735B655F026}.Debug|Any CPU.Build.0 = Debug|Any CPU
		{037695AC-CB08-4E79-B5E8-6735B655F026}.Release|Any CPU.ActiveCfg = Release|Any CPU
		{037695AC-CB08-4E79-B5E8-6735B655F026}.Release|Any CPU.Build.0 = Release|Any CPU
		{72D8EB69-F24A-43BF-969B-690901C6B917}.Debug|Any CPU.ActiveCfg = Debug|Any CPU
		{72D8EB69-F24A-43BF-969B-690901C6B917}.Debug|Any CPU.Build.0 = Debug|Any CPU
		{72D8EB69-F24A-43BF-969B-690901C6B917}.Release|Any CPU.ActiveCfg = Release|Any CPU
		{72D8EB69-F24A-43BF-969B-690901C6B917}.Release|Any CPU.Build.0 = Release|Any CPU
		{36BB7F20-B506-4584-BEBC-07563D33DC0C}.Debug|Any CPU.ActiveCfg = Debug|Any CPU
		{36BB7F20-B506-4584-BEBC-07563D33DC0C}.Debug|Any CPU.Build.0 = Debug|Any CPU
		{36BB7F20-B506-4584-BEBC-07563D33DC0C}.Release|Any CPU.ActiveCfg = Release|Any CPU
		{36BB7F20-B506-4584-BEBC-07563D33DC0C}.Release|Any CPU.Build.0 = Release|Any CPU
		{82F92AF5-9484-4378-8948-90E4F68B74EF}.Debug|Any CPU.ActiveCfg = Debug|Any CPU
		{82F92AF5-9484-4378-8948-90E4F68B74EF}.Debug|Any CPU.Build.0 = Debug|Any CPU
		{82F92AF5-9484-4378-8948-90E4F68B74EF}.Release|Any CPU.ActiveCfg = Release|Any CPU
		{82F92AF5-9484-4378-8948-90E4F68B74EF}.Release|Any CPU.Build.0 = Release|Any CPU
		{1EECDE36-326A-4914-9726-FDC82163E206}.Debug|Any CPU.ActiveCfg = Debug|Any CPU
		{1EECDE36-326A-4914-9726-FDC82163E206}.Debug|Any CPU.Build.0 = Debug|Any CPU
		{1EECDE36-326A-4914-9726-FDC82163E206}.Release|Any CPU.ActiveCfg = Release|Any CPU
		{1EECDE36-326A-4914-9726-FDC82163E206}.Release|Any CPU.Build.0 = Release|Any CPU
		{813DB1A7-259D-43B9-9E74-A44DF85D4FAA}.Debug|Any CPU.ActiveCfg = Debug|Any CPU
		{813DB1A7-259D-43B9-9E74-A44DF85D4FAA}.Debug|Any CPU.Build.0 = Debug|Any CPU
		{813DB1A7-259D-43B9-9E74-A44DF85D4FAA}.Release|Any CPU.ActiveCfg = Release|Any CPU
		{813DB1A7-259D-43B9-9E74-A44DF85D4FAA}.Release|Any CPU.Build.0 = Release|Any CPU
		{8D776813-AF1F-4EC0-B8CA-85CD1B6C0CD2}.Debug|Any CPU.ActiveCfg = Debug|Any CPU
		{8D776813-AF1F-4EC0-B8CA-85CD1B6C0CD2}.Debug|Any CPU.Build.0 = Debug|Any CPU
		{8D776813-AF1F-4EC0-B8CA-85CD1B6C0CD2}.Release|Any CPU.ActiveCfg = Release|Any CPU
		{8D776813-AF1F-4EC0-B8CA-85CD1B6C0CD2}.Release|Any CPU.Build.0 = Release|Any CPU
	EndGlobalSection
	GlobalSection(SolutionProperties) = preSolution
		HideSolutionNode = FALSE
	EndGlobalSection
	GlobalSection(ExtensibilityGlobals) = postSolution
		SolutionGuid = {C772941A-E062-42D4-AC5B-46E5925E0A42}
	EndGlobalSection
EndGlobal
